github.com/go-ruby-complex/complex v0.0.0-20260629153304-ebcd523ce6cf h1:3BUpAnvI2wNUrLTKSoUJxDqPG7G1E2WKCrm/yFa9FGw=
github.com/go-ruby-complex/complex v0.0.0-20260629153304-ebcd523ce6cf/go.mod h1:SlQrQ0OgZRrWi2slZEzjUOPqt09g7NvBmTFXfJRZigY=
github.com/go-ruby-complex/complex v0.0.0-20260717063207-ad262f45ef90 h1:+7S3XskOZttL/zoFHFkMa13l9Z4IK30Am6OXjS6seDo=
github.com/go-ruby-complex/complex v0.0.0-20260717063207-ad262f45ef90/go.mod h1:SlQrQ0OgZRrWi2slZEzjUOPqt09g7NvBmTFXfJRZigY=
